
Microsoft Visual Studio Solution File, Format Version 12.00
# Visual Studio Version 17
VisualStudioVersion = 17.8.34330.188
MinimumVisualStudioVersion = 10.0.40219.1
Project("{FAE04EC0-301F-11D3-BF4B-00C04F79EFBC}") = "SysPecNSDesk", "SysPecNSDesk\SysPecNSDesk.csproj", "{F54BF74E-40E2-46AB-9882-198E167B9BE8}"
EndProject
Project("{FAE04EC0-301F-11D3-BF4B-00C04F79EFBC}") = "SysPecNSLib", "SysPecNSLib\SysPecNSLib.csproj", "{ECC77265-44D6-4F20-AE06-8CC768E306DE}"
EndProject
Global
	GlobalSection(SolutionConfigurationPlatforms) = preSolution
		Debug|Any CPU = Debug|Any CPU
		Release|Any CPU = Release|Any CPU
	EndGlobalSection
	GlobalSection(ProjectConfigurationPlatforms) = postSolution
		{F54BF74E-40E2-46AB-9882-198E167B9BE8}.Debug|Any CPU.ActiveCfg = Debug|Any CPU
		{F54BF74E-40E2-46AB-9882-198E167B9BE8}.Debug|Any CPU.Build.0 = Debug|Any CPU
		{F54BF74E-40E2-46AB-9882-198E167B9BE8}.Release|Any CPU.ActiveCfg = Release|Any CPU
		{F54BF74E-40E2-46AB-9882-198E167B9BE8}.Release|Any CPU.Build.0 = Release|Any CPU
		{ECC77265-44D6-4F20-AE06-8CC768E306DE}.Debug|Any CPU.ActiveCfg = Debug|Any CPU
		{ECC77265-44D6-4F20-AE06-8CC768E306DE}.Debug|Any CPU.Build.0 = Debug|Any CPU
		{ECC77265-44D6-4F20-AE06-8CC768E306DE}.Release|Any CPU.ActiveCfg = Release|Any CPU
		{ECC77265-44D6-4F20-AE06-8CC768E306DE}.Release|Any CPU.Build.0 = Release|Any CPU
	EndGlobalSection
	GlobalSection(SolutionProperties) = preSolution
		HideSolutionNode = FALSE
	EndGlobalSection
	GlobalSection(ExtensibilityGlobals) = postSolution
		SolutionGuid = {CA97372A-EC4E-49F4-AF26-4BB64ECAC4FA}
	EndGlobalSection
EndGlobal
